// !$*UTF8*$!
{
	archiveVersion = 1;
	classes = {
	};
	objectVersion = 46;
	objects = {

/* Begin PBXBuildFile section */
		0C03B4401F4E76F40020FB2A /* ValidityService.swift in Sources */ = {isa = PBXBuildFile; fileRef = 0C03B43F1F4E76F40020FB2A /* ValidityService.swift */; };
		0C03B4421F4E809C0020FB2A /* User.swift in Sources */ = {isa = PBXBuildFile; fileRef = 0C03B4411F4E809C0020FB2A /* User.swift */; };
		0C03B4441F4EAE090020FB2A /* HomeViewController.swift in Sources */ = {isa = PBXBuildFile; fileRef = 0C03B4431F4EAE090020FB2A /* HomeViewController.swift */; };
		0C0D60BB1F7EA355001338F5 /* UIPickerViewOptions.swift in Sources */ = {isa = PBXBuildFile; fileRef = 0C0D60BA1F7EA355001338F5 /* UIPickerViewOptions.swift */; };
		0C0D60BD1F7EA412001338F5 /* State.swift in Sources */ = {isa = PBXBuildFile; fileRef = 0C0D60BC1F7EA412001338F5 /* State.swift */; };
		0C1C4A841F8FC95F00060BA4 /* EvaluateGameViewController.swift in Sources */ = {isa = PBXBuildFile; fileRef = 0C1C4A831F8FC95F00060BA4 /* EvaluateGameViewController.swift */; };
		0C3ABE8C1F4F28D800AE5CF9 /* SearchViewController.swift in Sources */ = {isa = PBXBuildFile; fileRef = 0C3ABE8B1F4F28D800AE5CF9 /* SearchViewController.swift */; };
		0C3D90791F852E33009169FB /* TakeGameViewController.swift in Sources */ = {isa = PBXBuildFile; fileRef = 0C3D90781F852E33009169FB /* TakeGameViewController.swift */; };
		0C41E2051F97FA9600199860 /* UpdateGameViewController.swift in Sources */ = {isa = PBXBuildFile; fileRef = 0C41E2041F97FA9600199860 /* UpdateGameViewController.swift */; };
		0C43D0551F4E33C100C285A5 /* GameTableViewCell.swift in Sources */ = {isa = PBXBuildFile; fileRef = 0C43D0531F4E33C100C285A5 /* GameTableViewCell.swift */; };
		0C43D0561F4E33C100C285A5 /* GameTableViewCell.xib in Resources */ = {isa = PBXBuildFile; fileRef = 0C43D0541F4E33C100C285A5 /* GameTableViewCell.xib */; };
		0C4D096E1F6788C8004DBD51 /* UserNotifications.framework in Frameworks */ = {isa = PBXBuildFile; fileRef = 0C4D096C1F6788C8004DBD51 /* UserNotifications.framework */; };
		0C4D096F1F6788C8004DBD51 /* UserNotificationsUI.framework in Frameworks */ = {isa = PBXBuildFile; fileRef = 0C4D096D1F6788C8004DBD51 /* UserNotificationsUI.framework */; };
		0C58471A1F9664BA00ADB902 /* SearchBarContainerView.swift in Sources */ = {isa = PBXBuildFile; fileRef = 0C5847191F9664BA00ADB902 /* SearchBarContainerView.swift */; };
		0C5A07331F7EDEF700492992 /* SearchItem.swift in Sources */ = {isa = PBXBuildFile; fileRef = 0C5A07311F7EDEF700492992 /* SearchItem.swift */; };
		0C5A07341F7EDEF700492992 /* SearchItem.xib in Resources */ = {isa = PBXBuildFile; fileRef = 0C5A07321F7EDEF700492992 /* SearchItem.xib */; };
		0C5F3A381F4E0EBB00516CFB /* ConversionService.swift in Sources */ = {isa = PBXBuildFile; fileRef = 0C5F3A371F4E0EBB00516CFB /* ConversionService.swift */; };
		0C5F3A3A1F4E0EFD00516CFB /* Extensions.swift in Sources */ = {isa = PBXBuildFile; fileRef = 0C5F3A391F4E0EFD00516CFB /* Extensions.swift */; };
		0C5F3A3D1F4E11C200516CFB /* SessionManager.swift in Sources */ = {isa = PBXBuildFile; fileRef = 0C5F3A3C1F4E11C200516CFB /* SessionManager.swift */; };
		0C5F3A421F4E15D900516CFB /* ProfileViewController.swift in Sources */ = {isa = PBXBuildFile; fileRef = 0C5F3A411F4E15D900516CFB /* ProfileViewController.swift */; };
		0C5F3A451F4E163200516CFB /* SettingsTableViewController.swift in Sources */ = {isa = PBXBuildFile; fileRef = 0C5F3A441F4E163200516CFB /* SettingsTableViewController.swift */; };
		0C628CA01F81BF4F0044C469 /* ChangeEmailViewController.swift in Sources */ = {isa = PBXBuildFile; fileRef = 0C628C9F1F81BF4F0044C469 /* ChangeEmailViewController.swift */; };
		0C628CA21F81C33F0044C469 /* ChangePasswordViewController.swift in Sources */ = {isa = PBXBuildFile; fileRef = 0C628CA11F81C33F0044C469 /* ChangePasswordViewController.swift */; };
		0C65A3821F7DE26B001C2959 /* EditProfileViewController.swift in Sources */ = {isa = PBXBuildFile; fileRef = 0C65A3811F7DE26B001C2959 /* EditProfileViewController.swift */; };
		0C6C20461F676C30000AB4F3 /* GoogleService-Info.plist in Resources */ = {isa = PBXBuildFile; fileRef = 0C6C20451F676C30000AB4F3 /* GoogleService-Info.plist */; };
		0C6DC5911F4DD9F200F9A061 /* AppDelegate.swift in Sources */ = {isa = PBXBuildFile; fileRef = 0C6DC5901F4DD9F200F9A061 /* AppDelegate.swift */; };
		0C6DC5931F4DD9F200F9A061 /* LoginViewController.swift in Sources */ = {isa = PBXBuildFile; fileRef = 0C6DC5921F4DD9F200F9A061 /* LoginViewController.swift */; };
		0C6DC5961F4DD9F200F9A061 /* Main.storyboard in Resources */ = {isa = PBXBuildFile; fileRef = 0C6DC5941F4DD9F200F9A061 /* Main.storyboard */; };
		0C6DC5981F4DD9F200F9A061 /* Assets.xcassets in Resources */ = {isa = PBXBuildFile; fileRef = 0C6DC5971F4DD9F200F9A061 /* Assets.xcassets */; };
		0C6DC59B1F4DD9F200F9A061 /* LaunchScreen.storyboard in Resources */ = {isa = PBXBuildFile; fileRef = 0C6DC5991F4DD9F200F9A061 /* LaunchScreen.storyboard */; };
		0C6DC5A61F4DD9F200F9A061 /* ScoreBoardTests.swift in Sources */ = {isa = PBXBuildFile; fileRef = 0C6DC5A51F4DD9F200F9A061 /* ScoreBoardTests.swift */; };
		0C6DC5B11F4DD9F200F9A061 /* ScoreBoardUITests.swift in Sources */ = {isa = PBXBuildFile; fileRef = 0C6DC5B01F4DD9F200F9A061 /* ScoreBoardUITests.swift */; };
		0C71C82D1F4F58790028D814 /* ConnectionManager.swift in Sources */ = {isa = PBXBuildFile; fileRef = 0C71C82C1F4F58790028D814 /* ConnectionManager.swift */; };
		0C72DE451F4F7ABF00361234 /* FullGameViewController.swift in Sources */ = {isa = PBXBuildFile; fileRef = 0C72DE441F4F7ABF00361234 /* FullGameViewController.swift */; };
		0C75B6411F8455D8000DDD66 /* MyFSRef.swift in Sources */ = {isa = PBXBuildFile; fileRef = 0C75B6401F8455D8000DDD66 /* MyFSRef.swift */; };
		0C98D22F1F5FA86C00D8BBAD /* Bet.swift in Sources */ = {isa = PBXBuildFile; fileRef = 0C98D22E1F5FA86C00D8BBAD /* Bet.swift */; };
		0C98D2341F5FAF2600D8BBAD /* BetCell.swift in Sources */ = {isa = PBXBuildFile; fileRef = 0C98D2321F5FAF2600D8BBAD /* BetCell.swift */; };
		0C98D2351F5FAF2600D8BBAD /* BetCell.xib in Resources */ = {isa = PBXBuildFile; fileRef = 0C98D2331F5FAF2600D8BBAD /* BetCell.xib */; };
		0C9F18AA1F81C6C7009543A6 /* AboutViewController.swift in Sources */ = {isa = PBXBuildFile; fileRef = 0C9F18A91F81C6C7009543A6 /* AboutViewController.swift */; };
		0C9F18AC1F81C6E9009543A6 /* SupportViewController.swift in Sources */ = {isa = PBXBuildFile; fileRef = 0C9F18AB1F81C6E9009543A6 /* SupportViewController.swift */; };
		0CA5BF301F5F1B13009D0236 /* Constants.swift in Sources */ = {isa = PBXBuildFile; fileRef = 0CA5BF2F1F5F1B13009D0236 /* Constants.swift */; };
		0CA5BF331F5F1BB7009D0236 /* NBATeam.swift in Sources */ = {isa = PBXBuildFile; fileRef = 0CA5BF321F5F1BB7009D0236 /* NBATeam.swift */; };
		0CAB26DA1F770D6D00B8EBC1 /* MessagesViewController.swift in Sources */ = {isa = PBXBuildFile; fileRef = 0CAB26D91F770D6D00B8EBC1 /* MessagesViewController.swift */; };
		0CADB03A1F890FD900200F7C /* GameCell.swift in Sources */ = {isa = PBXBuildFile; fileRef = 0CADB0381F890FD900200F7C /* GameCell.swift */; };
		0CADB03B1F890FD900200F7C /* GameCell.xib in Resources */ = {isa = PBXBuildFile; fileRef = 0CADB0391F890FD900200F7C /* GameCell.xib */; };
		0CB0D2C41F9E6A930012A2CE /* SearchUserViewController.swift in Sources */ = {isa = PBXBuildFile; fileRef = 0CB0D2C31F9E6A930012A2CE /* SearchUserViewController.swift */; };
		0CC563711F4DF9070088057C /* HomeTabBarController.swift in Sources */ = {isa = PBXBuildFile; fileRef = 0CC563701F4DF9070088057C /* HomeTabBarController.swift */; };
		0CC563731F4DFD480088057C /* GamesViewController.swift in Sources */ = {isa = PBXBuildFile; fileRef = 0CC563721F4DFD480088057C /* GamesViewController.swift */; };
		0CC563751F4DFD9A0088057C /* ModalService.swift in Sources */ = {isa = PBXBuildFile; fileRef = 0CC563741F4DFD9A0088057C /* ModalService.swift */; };
		0CC563771F4DFE430088057C /* FirebaseObject.swift in Sources */ = {isa = PBXBuildFile; fileRef = 0CC563761F4DFE430088057C /* FirebaseObject.swift */; };
		0CC563791F4DFEC70088057C /* SignupViewController.swift in Sources */ = {isa = PBXBuildFile; fileRef = 0CC563781F4DFEC70088057C /* SignupViewController.swift */; };
		0CC5843E1F844BE8009E72DB /* AddGameViewController.swift in Sources */ = {isa = PBXBuildFile; fileRef = 0CC5843D1F844BE8009E72DB /* AddGameViewController.swift */; };
		0CCF23B31F87C80A008E0854 /* AdminTableViewController.swift in Sources */ = {isa = PBXBuildFile; fileRef = 0CCF23B21F87C80A008E0854 /* AdminTableViewController.swift */; };
		0CD969FD1F6501EB00B183C8 /* CropperViewController.swift in Sources */ = {isa = PBXBuildFile; fileRef = 0CD969FC1F6501EB00B183C8 /* CropperViewController.swift */; };
		0CD969FF1F6501F700B183C8 /* ImageViewController.swift in Sources */ = {isa = PBXBuildFile; fileRef = 0CD969FE1F6501F700B183C8 /* ImageViewController.swift */; };
		0CD96A011F65020300B183C8 /* CustomImageCropperOverlayView.swift in Sources */ = {isa = PBXBuildFile; fileRef = 0CD96A001F65020300B183C8 /* CustomImageCropperOverlayView.swift */; };
		0CD96A041F65A11500B183C8 /* NotificationService.swift in Sources */ = {isa = PBXBuildFile; fileRef = 0CD96A031F65A11500B183C8 /* NotificationService.swift */; };
		0CD96A061F65A1A400B183C8 /* JSONSerializer.swift in Sources */ = {isa = PBXBuildFile; fileRef = 0CD96A051F65A1A400B183C8 /* JSONSerializer.swift */; };
		0CEA324A1F8320D10002B05C /* UserCell.swift in Sources */ = {isa = PBXBuildFile; fileRef = 0CEA32481F8320D10002B05C /* UserCell.swift */; };
		0CEA324B1F8320D10002B05C /* UserCell.xib in Resources */ = {isa = PBXBuildFile; fileRef = 0CEA32491F8320D10002B05C /* UserCell.xib */; };
		0CF611661F62EA5A00A46EB0 /* GMPalette.swift in Sources */ = {isa = PBXBuildFile; fileRef = 0CF611651F62EA5A00A46EB0 /* GMPalette.swift */; };
		0CF611681F62EA7600A46EB0 /* GMColor.swift in Sources */ = {isa = PBXBuildFile; fileRef = 0CF611671F62EA7600A46EB0 /* GMColor.swift */; };
		0CFC24641F4DEB7F003F97B5 /* Game.swift in Sources */ = {isa = PBXBuildFile; fileRef = 0CFC24631F4DEB7F003F97B5 /* Game.swift */; };
		A2185CF01FCE68270024BB3E /* StripeAPIClient.swift in Sources */ = {isa = PBXBuildFile; fileRef = A2185CEF1FCE68270024BB3E /* StripeAPIClient.swift */; };
		A755D61690469DFE9676903E /* Pods_ScoreBoard.framework in Frameworks */ = {isa = PBXBuildFile; fileRef = EF29027401D1C20BACED85FA /* Pods_ScoreBoard.framework */; };
		D7D9B3CA8B5C1DB7189CD507 /* Pods_ScoreBoardTests.framework in Frameworks */ = {isa = PBXBuildFile; fileRef = DF323F9559AE5C4B2D76CFC0 /* Pods_ScoreBoardTests.framework */; };
		FD7572DA6A799A75C0558789 /* Pods_ScoreBoardUITests.framework in Frameworks */ = {isa = PBXBuildFile; fileRef = 125A389106492EB412D82C4D /* Pods_ScoreBoardUITests.framework */; };
/* End PBXBuildFile section */

/* Begin PBXContainerItemProxy section */
		0C6DC5A21F4DD9F200F9A061 /* PBXContainerItemProxy */ = {
			isa = PBXContainerItemProxy;
			containerPortal = 0C6DC5851F4DD9F200F9A061 /* Project object */;
			proxyType = 1;
			remoteGlobalIDString = 0C6DC58C1F4DD9F200F9A061;
			remoteInfo = ScoreBoard;
		};
		0C6DC5AD1F4DD9F200F9A061 /* PBXContainerItemProxy */ = {
			isa = PBXContainerItemProxy;
			containerPortal = 0C6DC5851F4DD9F200F9A061 /* Project object */;
			proxyType = 1;
			remoteGlobalIDString = 0C6DC58C1F4DD9F200F9A061;
			remoteInfo = ScoreBoard;
		};
/* End PBXContainerItemProxy section */

/* Begin PBXFileReference section */
		0C03B43F1F4E76F40020FB2A /* ValidityService.swift */ = {isa = PBXFileReference; fileEncoding = 4; lastKnownFileType = sourcecode.swift; path = ValidityService.swift; sourceTree = "<group>"; };
		0C03B4411F4E809C0020FB2A /* User.swift */ = {isa = PBXFileReference; fileEncoding = 4; lastKnownFileType = sourcecode.swift; path = User.swift; sourceTree = "<group>"; };
		0C03B4431F4EAE090020FB2A /* HomeViewController.swift */ = {isa = PBXFileReference; fileEncoding = 4; lastKnownFileType = sourcecode.swift; path = HomeViewController.swift; sourceTree = "<group>"; };
		0C0D60BA1F7EA355001338F5 /* UIPickerViewOptions.swift */ = {isa = PBXFileReference; lastKnownFileType = sourcecode.swift; path = UIPickerViewOptions.swift; sourceTree = "<group>"; };
		0C0D60BC1F7EA412001338F5 /* State.swift */ = {isa = PBXFileReference; lastKnownFileType = sourcecode.swift; path = State.swift; sourceTree = "<group>"; };
		0C1C4A831F8FC95F00060BA4 /* EvaluateGameViewController.swift */ = {isa = PBXFileReference; lastKnownFileType = sourcecode.swift; path = EvaluateGameViewController.swift; sourceTree = "<group>"; };
		0C3ABE8B1F4F28D800AE5CF9 /* SearchViewController.swift */ = {isa = PBXFileReference; fileEncoding = 4; lastKnownFileType = sourcecode.swift; path = SearchViewController.swift; sourceTree = "<group>"; };
		0C3D90781F852E33009169FB /* TakeGameViewController.swift */ = {isa = PBXFileReference; lastKnownFileType = sourcecode.swift; path = TakeGameViewController.swift; sourceTree = "<group>"; };
		0C41E2041F97FA9600199860 /* UpdateGameViewController.swift */ = {isa = PBXFileReference; lastKnownFileType = sourcecode.swift; path = UpdateGameViewController.swift; sourceTree = "<group>"; };
		0C43D0531F4E33C100C285A5 /* GameTableViewCell.swift */ = {isa = PBXFileReference; fileEncoding = 4; lastKnownFileType = sourcecode.swift; path = GameTableViewCell.swift; sourceTree = "<group>"; };
		0C43D0541F4E33C100C285A5 /* GameTableViewCell.xib */ = {isa = PBXFileReference; fileEncoding = 4; lastKnownFileType = file.xib; path = GameTableViewCell.xib; sourceTree = "<group>"; };
		0C4D096C1F6788C8004DBD51 /* UserNotifications.framework */ = {isa = PBXFileReference; lastKnownFileType = wrapper.framework; name = UserNotifications.framework; path = System/Library/Frameworks/UserNotifications.framework; sourceTree = SDKROOT; };
		0C4D096D1F6788C8004DBD51 /* UserNotificationsUI.framework */ = {isa = PBXFileReference; lastKnownFileType = wrapper.framework; name = UserNotificationsUI.framework; path = System/Library/Frameworks/UserNotificationsUI.framework; sourceTree = SDKROOT; };
		0C5847191F9664BA00ADB902 /* SearchBarContainerView.swift */ = {isa = PBXFileReference; lastKnownFileType = sourcecode.swift; path = SearchBarContainerView.swift; sourceTree = "<group>"; };
		0C5A07311F7EDEF700492992 /* SearchItem.swift */ = {isa = PBXFileReference; lastKnownFileType = sourcecode.swift; path = SearchItem.swift; sourceTree = "<group>"; };
		0C5A07321F7EDEF700492992 /* SearchItem.xib */ = {isa = PBXFileReference; lastKnownFileType = file.xib; path = SearchItem.xib; sourceTree = "<group>"; };
		0C5F3A371F4E0EBB00516CFB /* ConversionService.swift */ = {isa = PBXFileReference; fileEncoding = 4; lastKnownFileType = sourcecode.swift; path = ConversionService.swift; sourceTree = "<group>"; };
		0C5F3A391F4E0EFD00516CFB /* Extensions.swift */ = {isa = PBXFileReference; fileEncoding = 4; lastKnownFileType = sourcecode.swift; path = Extensions.swift; sourceTree = "<group>"; };
		0C5F3A3C1F4E11C200516CFB /* SessionManager.swift */ = {isa = PBXFileReference; fileEncoding = 4; lastKnownFileType = sourcecode.swift; path = SessionManager.swift; sourceTree = "<group>"; };
		0C5F3A411F4E15D900516CFB /* ProfileViewController.swift */ = {isa = PBXFileReference; fileEncoding = 4; lastKnownFileType = sourcecode.swift; path = ProfileViewController.swift; sourceTree = "<group>"; };
		0C5F3A441F4E163200516CFB /* SettingsTableViewController.swift */ = {isa = PBXFileReference; fileEncoding = 4; lastKnownFileType = sourcecode.swift; path = SettingsTableViewController.swift; sourceTree = "<group>"; };
		0C628C9F1F81BF4F0044C469 /* ChangeEmailViewController.swift */ = {isa = PBXFileReference; lastKnownFileType = sourcecode.swift; path = ChangeEmailViewController.swift; sourceTree = "<group>"; };
		0C628CA11F81C33F0044C469 /* ChangePasswordViewController.swift */ = {isa = PBXFileReference; lastKnownFileType = sourcecode.swift; path = ChangePasswordViewController.swift; sourceTree = "<group>"; };
		0C65A3811F7DE26B001C2959 /* EditProfileViewController.swift */ = {isa = PBXFileReference; lastKnownFileType = sourcecode.swift; path = EditProfileViewController.swift; sourceTree = "<group>"; };
		0C6C20451F676C30000AB4F3 /* GoogleService-Info.plist */ = {isa = PBXFileReference; fileEncoding = 4; lastKnownFileType = text.plist.xml; path = "GoogleService-Info.plist"; sourceTree = "<group>"; };
		0C6DC58D1F4DD9F200F9A061 /* ScoreBoard.app */ = {isa = PBXFileReference; explicitFileType = wrapper.application; includeInIndex = 0; path = ScoreBoard.app; sourceTree = BUILT_PRODUCTS_DIR; };
		0C6DC5901F4DD9F200F9A061 /* AppDelegate.swift */ = {isa = PBXFileReference; lastKnownFileType = sourcecode.swift; path = AppDelegate.swift; sourceTree = "<group>"; };
		0C6DC5921F4DD9F200F9A061 /* LoginViewController.swift */ = {isa = PBXFileReference; lastKnownFileType = sourcecode.swift; path = LoginViewController.swift; sourceTree = "<group>"; };
		0C6DC5951F4DD9F200F9A061 /* Base */ = {isa = PBXFileReference; lastKnownFileType = file.storyboard; name = Base; path = Base.lproj/Main.storyboard; sourceTree = "<group>"; };
		0C6DC5971F4DD9F200F9A061 /* Assets.xcassets */ = {isa = PBXFileReference; lastKnownFileType = folder.assetcatalog; path = Assets.xcassets; sourceTree = "<group>"; };
		0C6DC59A1F4DD9F200F9A061 /* Base */ = {isa = PBXFileReference; lastKnownFileType = file.storyboard; name = Base; path = Base.lproj/LaunchScreen.storyboard; sourceTree = "<group>"; };
		0C6DC59C1F4DD9F200F9A061 /* Info.plist */ = {isa = PBXFileReference; lastKnownFileType = text.plist.xml; path = Info.plist; sourceTree = "<group>"; };
		0C6DC5A11F4DD9F200F9A061 /* ScoreBoardTests.xctest */ = {isa = PBXFileReference; explicitFileType = wrapper.cfbundle; includeInIndex = 0; path = ScoreBoardTests.xctest; sourceTree = BUILT_PRODUCTS_DIR; };
		0C6DC5A51F4DD9F200F9A061 /* ScoreBoardTests.swift */ = {isa = PBXFileReference; lastKnownFileType = sourcecode.swift; path = ScoreBoardTests.swift; sourceTree = "<group>"; };
		0C6DC5A71F4DD9F200F9A061 /* Info.plist */ = {isa = PBXFileReference; lastKnownFileType = text.plist.xml; path = Info.plist; sourceTree = "<group>"; };
		0C6DC5AC1F4DD9F200F9A061 /* ScoreBoardUITests.xctest */ = {isa = PBXFileReference; explicitFileType = wrapper.cfbundle; includeInIndex = 0; path = ScoreBoardUITests.xctest; sourceTree = BUILT_PRODUCTS_DIR; };
		0C6DC5B01F4DD9F200F9A061 /* ScoreBoardUITests.swift */ = {isa = PBXFileReference; lastKnownFileType = sourcecode.swift; path = ScoreBoardUITests.swift; sourceTree = "<group>"; };
		0C6DC5B21F4DD9F200F9A061 /* Info.plist */ = {isa = PBXFileReference; lastKnownFileType = text.plist.xml; path = Info.plist; sourceTree = "<group>"; };
		0C71C82C1F4F58790028D814 /* ConnectionManager.swift */ = {isa = PBXFileReference; fileEncoding = 4; lastKnownFileType = sourcecode.swift; path = ConnectionManager.swift; sourceTree = "<group>"; };
		0C72DE441F4F7ABF00361234 /* FullGameViewController.swift */ = {isa = PBXFileReference; fileEncoding = 4; lastKnownFileType = sourcecode.swift; path = FullGameViewController.swift; sourceTree = "<group>"; };
		0C75B6401F8455D8000DDD66 /* MyFSRef.swift */ = {isa = PBXFileReference; lastKnownFileType = sourcecode.swift; path = MyFSRef.swift; sourceTree = "<group>"; };
		0C98D22E1F5FA86C00D8BBAD /* Bet.swift */ = {isa = PBXFileReference; fileEncoding = 4; lastKnownFileType = sourcecode.swift; path = Bet.swift; sourceTree = "<group>"; };
		0C98D2321F5FAF2600D8BBAD /* BetCell.swift */ = {isa = PBXFileReference; fileEncoding = 4; lastKnownFileType = sourcecode.swift; path = BetCell.swift; sourceTree = "<group>"; };
		0C98D2331F5FAF2600D8BBAD /* BetCell.xib */ = {isa = PBXFileReference; fileEncoding = 4; lastKnownFileType = file.xib; path = BetCell.xib; sourceTree = "<group>"; };
		0C9F18A91F81C6C7009543A6 /* AboutViewController.swift */ = {isa = PBXFileReference; lastKnownFileType = sourcecode.swift; path = AboutViewController.swift; sourceTree = "<group>"; };
		0C9F18AB1F81C6E9009543A6 /* SupportViewController.swift */ = {isa = PBXFileReference; lastKnownFileType = sourcecode.swift; path = SupportViewController.swift; sourceTree = "<group>"; };
		0CA5BF2F1F5F1B13009D0236 /* Constants.swift */ = {isa = PBXFileReference; fileEncoding = 4; lastKnownFileType = sourcecode.swift; path = Constants.swift; sourceTree = "<group>"; };
		0CA5BF321F5F1BB7009D0236 /* NBATeam.swift */ = {isa = PBXFileReference; fileEncoding = 4; lastKnownFileType = sourcecode.swift; path = NBATeam.swift; sourceTree = "<group>"; };
		0CAB26D91F770D6D00B8EBC1 /* MessagesViewController.swift */ = {isa = PBXFileReference; lastKnownFileType = sourcecode.swift; path = MessagesViewController.swift; sourceTree = "<group>"; };
		0CADB0381F890FD900200F7C /* GameCell.swift */ = {isa = PBXFileReference; lastKnownFileType = sourcecode.swift; path = GameCell.swift; sourceTree = "<group>"; };
		0CADB0391F890FD900200F7C /* GameCell.xib */ = {isa = PBXFileReference; lastKnownFileType = file.xib; path = GameCell.xib; sourceTree = "<group>"; };
		0CB0D2C31F9E6A930012A2CE /* SearchUserViewController.swift */ = {isa = PBXFileReference; lastKnownFileType = sourcecode.swift; path = SearchUserViewController.swift; sourceTree = "<group>"; };
		0CC563701F4DF9070088057C /* HomeTabBarController.swift */ = {isa = PBXFileReference; fileEncoding = 4; lastKnownFileType = sourcecode.swift; path = HomeTabBarController.swift; sourceTree = "<group>"; };
		0CC563721F4DFD480088057C /* GamesViewController.swift */ = {isa = PBXFileReference; fileEncoding = 4; lastKnownFileType = sourcecode.swift; path = GamesViewController.swift; sourceTree = "<group>"; };
		0CC563741F4DFD9A0088057C /* ModalService.swift */ = {isa = PBXFileReference; fileEncoding = 4; lastKnownFileType = sourcecode.swift; path = ModalService.swift; sourceTree = "<group>"; };
		0CC563761F4DFE430088057C /* FirebaseObject.swift */ = {isa = PBXFileReference; fileEncoding = 4; lastKnownFileType = sourcecode.swift; path = FirebaseObject.swift; sourceTree = "<group>"; };
		0CC563781F4DFEC70088057C /* SignupViewController.swift */ = {isa = PBXFileReference; fileEncoding = 4; lastKnownFileType = sourcecode.swift; path = SignupViewController.swift; sourceTree = "<group>"; };
		0CC5843D1F844BE8009E72DB /* AddGameViewController.swift */ = {isa = PBXFileReference; lastKnownFileType = sourcecode.swift; path = AddGameViewController.swift; sourceTree = "<group>"; };
		0CCF23B21F87C80A008E0854 /* AdminTableViewController.swift */ = {isa = PBXFileReference; lastKnownFileType = sourcecode.swift; path = AdminTableViewController.swift; sourceTree = "<group>"; };
		0CD969FC1F6501EB00B183C8 /* CropperViewController.swift */ = {isa = PBXFileReference; fileEncoding = 4; lastKnownFileType = sourcecode.swift; path = CropperViewController.swift; sourceTree = "<group>"; };
		0CD969FE1F6501F700B183C8 /* ImageViewController.swift */ = {isa = PBXFileReference; fileEncoding = 4; lastKnownFileType = sourcecode.swift; path = ImageViewController.swift; sourceTree = "<group>"; };
		0CD96A001F65020300B183C8 /* CustomImageCropperOverlayView.swift */ = {isa = PBXFileReference; fileEncoding = 4; lastKnownFileType = sourcecode.swift; path = CustomImageCropperOverlayView.swift; sourceTree = "<group>"; };
		0CD96A021F659DE100B183C8 /* ScoreBoard.entitlements */ = {isa = PBXFileReference; lastKnownFileType = text.plist.entitlements; path = ScoreBoard.entitlements; sourceTree = "<group>"; };
		0CD96A031F65A11500B183C8 /* NotificationService.swift */ = {isa = PBXFileReference; fileEncoding = 4; lastKnownFileType = sourcecode.swift; path = NotificationService.swift; sourceTree = "<group>"; };
		0CD96A051F65A1A400B183C8 /* JSONSerializer.swift */ = {isa = PBXFileReference; fileEncoding = 4; lastKnownFileType = sourcecode.swift; path = JSONSerializer.swift; sourceTree = "<group>"; };
		0CEA32481F8320D10002B05C /* UserCell.swift */ = {isa = PBXFileReference; lastKnownFileType = sourcecode.swift; path = UserCell.swift; sourceTree = "<group>"; };
		0CEA32491F8320D10002B05C /* UserCell.xib */ = {isa = PBXFileReference; lastKnownFileType = file.xib; path = UserCell.xib; sourceTree = "<group>"; };
		0CF611651F62EA5A00A46EB0 /* GMPalette.swift */ = {isa = PBXFileReference; fileEncoding = 4; lastKnownFileType = sourcecode.swift; path = GMPalette.swift; sourceTree = "<group>"; };
		0CF611671F62EA7600A46EB0 /* GMColor.swift */ = {isa = PBXFileReference; fileEncoding = 4; lastKnownFileType = sourcecode.swift; path = GMColor.swift; sourceTree = "<group>"; };
		0CFC24631F4DEB7F003F97B5 /* Game.swift */ = {isa = PBXFileReference; fileEncoding = 4; lastKnownFileType = sourcecode.swift; path = Game.swift; sourceTree = "<group>"; };
		125A389106492EB412D82C4D /* Pods_ScoreBoardUITests.framework */ = {isa = PBXFileReference; explicitFileType = wrapper.framework; includeInIndex = 0; path = Pods_ScoreBoardUITests.framework; sourceTree = BUILT_PRODUCTS_DIR; };
		2900CB9004E4C7538BC04D6F /* Pods-ScoreBoardTests.release.xcconfig */ = {isa = PBXFileReference; includeInIndex = 1; lastKnownFileType = text.xcconfig; name = "Pods-ScoreBoardTests.release.xcconfig"; path = "Pods/Target Support Files/Pods-ScoreBoardTests/Pods-ScoreBoardTests.release.xcconfig"; sourceTree = "<group>"; };
		376385FDE419189F52676B9F /* Pods-ScoreBoard.release.xcconfig */ = {isa = PBXFileReference; includeInIndex = 1; lastKnownFileType = text.xcconfig; name = "Pods-ScoreBoard.release.xcconfig"; path = "Pods/Target Support Files/Pods-ScoreBoard/Pods-ScoreBoard.release.xcconfig"; sourceTree = "<group>"; };
		408B7221B04466F0AE6E428D /* Pods-ScoreBoardUITests.debug.xcconfig */ = {isa = PBXFileReference; includeInIndex = 1; lastKnownFileType = text.xcconfig; name = "Pods-ScoreBoardUITests.debug.xcconfig"; path = "Pods/Target Support Files/Pods-ScoreBoardUITests/Pods-ScoreBoardUITests.debug.xcconfig"; sourceTree = "<group>"; };
		55F2C2552E75C8893EEED9E7 /* Pods-ScoreBoard.debug.xcconfig */ = {isa = PBXFileReference; includeInIndex = 1; lastKnownFileType = text.xcconfig; name = "Pods-ScoreBoard.debug.xcconfig"; path = "Pods/Target Support Files/Pods-ScoreBoard/Pods-ScoreBoard.debug.xcconfig"; sourceTree = "<group>"; };
		89959AB906071806CD41F907 /* Pods-ScoreBoardTests.debug.xcconfig */ = {isa = PBXFileReference; includeInIndex = 1; lastKnownFileType = text.xcconfig; name = "Pods-ScoreBoardTests.debug.xcconfig"; path = "Pods/Target Support Files/Pods-ScoreBoardTests/Pods-ScoreBoardTests.debug.xcconfig"; sourceTree = "<group>"; };
		A2185CEF1FCE68270024BB3E /* StripeAPIClient.swift */ = {isa = PBXFileReference; lastKnownFileType = sourcecode.swift; path = StripeAPIClient.swift; sourceTree = "<group>"; };
		CC3D9AD44F81710204E0503B /* Pods-ScoreBoardUITests.release.xcconfig */ = {isa = PBXFileReference; includeInIndex = 1; lastKnownFileType = text.xcconfig; name = "Pods-ScoreBoardUITests.release.xcconfig"; path = "Pods/Target Support Files/Pods-ScoreBoardUITests/Pods-ScoreBoardUITests.release.xcconfig"; sourceTree = "<group>"; };
		DF323F9559AE5C4B2D76CFC0 /* Pods_ScoreBoardTests.framework */ = {isa = PBXFileReference; explicitFileType = wrapper.framework; includeInIndex = 0; path = Pods_ScoreBoardTests.framework; sourceTree = BUILT_PRODUCTS_DIR; };
		EF29027401D1C20BACED85FA /* Pods_ScoreBoard.framework */ = {isa = PBXFileReference; explicitFileType = wrapper.framework; includeInIndex = 0; path = Pods_ScoreBoard.framework; sourceTree = BUILT_PRODUCTS_DIR; };
/* End PBXFileReference section */

/* Begin PBXFrameworksBuildPhase section */
		0C6DC58A1F4DD9F200F9A061 /* Frameworks */ = {
			isa = PBXFrameworksBuildPhase;
			buildActionMask = 2147483647;
			files = (
				0C4D096E1F6788C8004DBD51 /* UserNotifications.framework in Frameworks */,
				0C4D096F1F6788C8004DBD51 /* UserNotificationsUI.framework in Frameworks */,
				A755D61690469DFE9676903E /* Pods_ScoreBoard.framework in Frameworks */,
			);
			runOnlyForDeploymentPostprocessing = 0;
		};
		0C6DC59E1F4DD9F200F9A061 /* Frameworks */ = {
			isa = PBXFrameworksBuildPhase;
			buildActionMask = 2147483647;
			files = (
				D7D9B3CA8B5C1DB7189CD507 /* Pods_ScoreBoardTests.framework in Frameworks */,
			);
			runOnlyForDeploymentPostprocessing = 0;
		};
		0C6DC5A91F4DD9F200F9A061 /* Frameworks */ = {
			isa = PBXFrameworksBuildPhase;
			buildActionMask = 2147483647;
			files = (
				FD7572DA6A799A75C0558789 /* Pods_ScoreBoardUITests.framework in Frameworks */,
			);
			runOnlyForDeploymentPostprocessing = 0;
		};
/* End PBXFrameworksBuildPhase section */

/* Begin PBXGroup section */
		0C3ABE8A1F4F28C000AE5CF9 /* Search */ = {
			isa = PBXGroup;
			children = (
				0C3ABE8B1F4F28D800AE5CF9 /* SearchViewController.swift */,
				0C5A07311F7EDEF700492992 /* SearchItem.swift */,
			);
			name = Search;
			sourceTree = "<group>";
		};
		0C5F3A3B1F4E0F2100516CFB /* Miscellaneous */ = {
			isa = PBXGroup;
			children = (
				0CD969FB1F6501D200B183C8 /* Image Cropping */,
				0C5F3A391F4E0EFD00516CFB /* Extensions.swift */,
				0CF611651F62EA5A00A46EB0 /* GMPalette.swift */,
				0CF611671F62EA7600A46EB0 /* GMColor.swift */,
				0CD96A051F65A1A400B183C8 /* JSONSerializer.swift */,
				0C5847191F9664BA00ADB902 /* SearchBarContainerView.swift */,
			);
			name = Miscellaneous;
			sourceTree = "<group>";
		};
		0C5F3A401F4E15C600516CFB /* Profile */ = {
			isa = PBXGroup;
			children = (
				0CAB26D81F770D5D00B8EBC1 /* Messages */,
				0C5F3A411F4E15D900516CFB /* ProfileViewController.swift */,
				0C65A3811F7DE26B001C2959 /* EditProfileViewController.swift */,
			);
			name = Profile;
			sourceTree = "<group>";
		};
		0C5F3A431F4E162800516CFB /* Settings */ = {
			isa = PBXGroup;
			children = (
				0C5F3A441F4E163200516CFB /* SettingsTableViewController.swift */,
				0C628C9F1F81BF4F0044C469 /* ChangeEmailViewController.swift */,
				0C628CA11F81C33F0044C469 /* ChangePasswordViewController.swift */,
				0C9F18A91F81C6C7009543A6 /* AboutViewController.swift */,
				0C9F18AB1F81C6E9009543A6 /* SupportViewController.swift */,
			);
			name = Settings;
			sourceTree = "<group>";
		};
		0C6DC5841F4DD9F200F9A061 = {
			isa = PBXGroup;
			children = (
				0C6DC58F1F4DD9F200F9A061 /* ScoreBoard */,
				0C6DC5A41F4DD9F200F9A061 /* ScoreBoardTests */,
				0C6DC5AF1F4DD9F200F9A061 /* ScoreBoardUITests */,
				0C6DC58E1F4DD9F200F9A061 /* Products */,
				35C4308B9F9DA553E72013AF /* Pods */,
				6643F01DC4DBF4D9250DEB33 /* Frameworks */,
			);
			sourceTree = "<group>";
		};
		0C6DC58E1F4DD9F200F9A061 /* Products */ = {
			isa = PBXGroup;
			children = (
				0C6DC58D1F4DD9F200F9A061 /* ScoreBoard.app */,
				0C6DC5A11F4DD9F200F9A061 /* ScoreBoardTests.xctest */,
				0C6DC5AC1F4DD9F200F9A061 /* ScoreBoardUITests.xctest */,
			);
			name = Products;
			sourceTree = "<group>";
		};
		0C6DC58F1F4DD9F200F9A061 /* ScoreBoard */ = {
			isa = PBXGroup;
			children = (
				0CC5843C1F844BD2009E72DB /* Admin */,
				0C6DC5901F4DD9F200F9A061 /* AppDelegate.swift */,
				0C6DC5971F4DD9F200F9A061 /* Assets.xcassets */,
				0CC5636F1F4DF8ED0088057C /* Authentication */,
				0C98D2301F5FAF0B00D8BBAD /* Bets */,
				0CA5BF2E1F5F1B07009D0236 /* Constants */,
				0CA5BF311F5F1B81009D0236 /* Enums */,
				0CFC245D1F4DEAA2003F97B5 /* Games */,
				0C6C20451F676C30000AB4F3 /* GoogleService-Info.plist */,
				0CFC245C1F4DE7F8003F97B5 /* Home */,
				0C6DC59C1F4DD9F200F9A061 /* Info.plist */,
				0C6DC5991F4DD9F200F9A061 /* LaunchScreen.storyboard */,
				0C6DC5941F4DD9F200F9A061 /* Main.storyboard */,
				0C5F3A3B1F4E0F2100516CFB /* Miscellaneous */,
				0CFC24621F4DEB77003F97B5 /* Models */,
				0C5F3A401F4E15C600516CFB /* Profile */,
				0CD96A021F659DE100B183C8 /* ScoreBoard.entitlements */,
				0C3ABE8A1F4F28C000AE5CF9 /* Search */,
				0CFC245F1F4DEAE8003F97B5 /* Services */,
				0C5F3A431F4E162800516CFB /* Settings */,
				A2185CEA1FCE673C0024BB3E /* Stripe */,
				A2185CE81FCE65A70024BB3E /* XIBs */,
			);
			path = ScoreBoard;
			sourceTree = "<group>";
		};
		0C6DC5A41F4DD9F200F9A061 /* ScoreBoardTests */ = {
			isa = PBXGroup;
			children = (
				0C6DC5A51F4DD9F200F9A061 /* ScoreBoardTests.swift */,
				0C6DC5A71F4DD9F200F9A061 /* Info.plist */,
			);
			path = ScoreBoardTests;
			sourceTree = "<group>";
		};
		0C6DC5AF1F4DD9F200F9A061 /* ScoreBoardUITests */ = {
			isa = PBXGroup;
			children = (
				0C6DC5B01F4DD9F200F9A061 /* ScoreBoardUITests.swift */,
				0C6DC5B21F4DD9F200F9A061 /* Info.plist */,
			);
			path = ScoreBoardUITests;
			sourceTree = "<group>";
		};
		0C98D2301F5FAF0B00D8BBAD /* Bets */ = {
			isa = PBXGroup;
			children = (
				0C98D2321F5FAF2600D8BBAD /* BetCell.swift */,
			);
			name = Bets;
			sourceTree = "<group>";
		};
		0CA5BF2E1F5F1B07009D0236 /* Constants */ = {
			isa = PBXGroup;
			children = (
				0CA5BF2F1F5F1B13009D0236 /* Constants.swift */,
			);
			name = Constants;
			sourceTree = "<group>";
		};
		0CA5BF311F5F1B81009D0236 /* Enums */ = {
			isa = PBXGroup;
			children = (
				0CA5BF321F5F1BB7009D0236 /* NBATeam.swift */,
				0C0D60BA1F7EA355001338F5 /* UIPickerViewOptions.swift */,
				0C0D60BC1F7EA412001338F5 /* State.swift */,
			);
			name = Enums;
			sourceTree = "<group>";
		};
		0CAB26D81F770D5D00B8EBC1 /* Messages */ = {
			isa = PBXGroup;
			children = (
				0CAB26D91F770D6D00B8EBC1 /* MessagesViewController.swift */,
				0CB0D2C31F9E6A930012A2CE /* SearchUserViewController.swift */,
			);
			name = Messages;
			sourceTree = "<group>";
		};
		0CC5636F1F4DF8ED0088057C /* Authentication */ = {
			isa = PBXGroup;
			children = (
				0C6DC5921F4DD9F200F9A061 /* LoginViewController.swift */,
				0CC563781F4DFEC70088057C /* SignupViewController.swift */,
			);
			name = Authentication;
			sourceTree = "<group>";
		};
		0CC5843C1F844BD2009E72DB /* Admin */ = {
			isa = PBXGroup;
			children = (
				0CC5843D1F844BE8009E72DB /* AddGameViewController.swift */,
				0CCF23B21F87C80A008E0854 /* AdminTableViewController.swift */,
				0C1C4A831F8FC95F00060BA4 /* EvaluateGameViewController.swift */,
				0C41E2041F97FA9600199860 /* UpdateGameViewController.swift */,
			);
			name = Admin;
			sourceTree = "<group>";
		};
		0CD969FB1F6501D200B183C8 /* Image Cropping */ = {
			isa = PBXGroup;
			children = (
				0CD969FC1F6501EB00B183C8 /* CropperViewController.swift */,
				0CD969FE1F6501F700B183C8 /* ImageViewController.swift */,
				0CD96A001F65020300B183C8 /* CustomImageCropperOverlayView.swift */,
			);
			name = "Image Cropping";
			sourceTree = "<group>";
		};
		0CFC245C1F4DE7F8003F97B5 /* Home */ = {
			isa = PBXGroup;
			children = (
				0CC563701F4DF9070088057C /* HomeTabBarController.swift */,
				0C03B4431F4EAE090020FB2A /* HomeViewController.swift */,
				0CEA32481F8320D10002B05C /* UserCell.swift */,
			);
			name = Home;
			sourceTree = "<group>";
		};
		0CFC245D1F4DEAA2003F97B5 /* Games */ = {
			isa = PBXGroup;
			children = (
				0CC563721F4DFD480088057C /* GamesViewController.swift */,
				0C43D0531F4E33C100C285A5 /* GameTableViewCell.swift */,
				0C72DE441F4F7ABF00361234 /* FullGameViewController.swift */,
				0C3D90781F852E33009169FB /* TakeGameViewController.swift */,
				0CADB0381F890FD900200F7C /* GameCell.swift */,
			);
			name = Games;
			sourceTree = "<group>";
		};
		0CFC245F1F4DEAE8003F97B5 /* Services */ = {
			isa = PBXGroup;
			children = (
				0CC563741F4DFD9A0088057C /* ModalService.swift */,
				0C5F3A371F4E0EBB00516CFB /* ConversionService.swift */,
				0C5F3A3C1F4E11C200516CFB /* SessionManager.swift */,
				0C03B43F1F4E76F40020FB2A /* ValidityService.swift */,
				0C71C82C1F4F58790028D814 /* ConnectionManager.swift */,
				0CD96A031F65A11500B183C8 /* NotificationService.swift */,
				0C75B6401F8455D8000DDD66 /* MyFSRef.swift */,
			);
			name = Services;
			sourceTree = "<group>";
		};
		0CFC24621F4DEB77003F97B5 /* Models */ = {
			isa = PBXGroup;
			children = (
				0CFC24631F4DEB7F003F97B5 /* Game.swift */,
				0CC563761F4DFE430088057C /* FirebaseObject.swift */,
				0C03B4411F4E809C0020FB2A /* User.swift */,
				0C98D22E1F5FA86C00D8BBAD /* Bet.swift */,
			);
			name = Models;
			sourceTree = "<group>";
		};
		35C4308B9F9DA553E72013AF /* Pods */ = {
			isa = PBXGroup;
			children = (
				55F2C2552E75C8893EEED9E7 /* Pods-ScoreBoard.debug.xcconfig */,
				376385FDE419189F52676B9F /* Pods-ScoreBoard.release.xcconfig */,
				89959AB906071806CD41F907 /* Pods-ScoreBoardTests.debug.xcconfig */,
				2900CB9004E4C7538BC04D6F /* Pods-ScoreBoardTests.release.xcconfig */,
				408B7221B04466F0AE6E428D /* Pods-ScoreBoardUITests.debug.xcconfig */,
				CC3D9AD44F81710204E0503B /* Pods-ScoreBoardUITests.release.xcconfig */,
			);
			name = Pods;
			sourceTree = "<group>";
		};
		6643F01DC4DBF4D9250DEB33 /* Frameworks */ = {
			isa = PBXGroup;
			children = (
				0C4D096C1F6788C8004DBD51 /* UserNotifications.framework */,
				0C4D096D1F6788C8004DBD51 /* UserNotificationsUI.framework */,
				EF29027401D1C20BACED85FA /* Pods_ScoreBoard.framework */,
				DF323F9559AE5C4B2D76CFC0 /* Pods_ScoreBoardTests.framework */,
				125A389106492EB412D82C4D /* Pods_ScoreBoardUITests.framework */,
			);
			name = Frameworks;
			sourceTree = "<group>";
		};
		A2185CE81FCE65A70024BB3E /* XIBs */ = {
			isa = PBXGroup;
			children = (
				0C5A07321F7EDEF700492992 /* SearchItem.xib */,
				0CEA32491F8320D10002B05C /* UserCell.xib */,
				0C43D0541F4E33C100C285A5 /* GameTableViewCell.xib */,
				0CADB0391F890FD900200F7C /* GameCell.xib */,
				0C98D2331F5FAF2600D8BBAD /* BetCell.xib */,
			);
			name = XIBs;
			sourceTree = "<group>";
		};
		A2185CEA1FCE673C0024BB3E /* Stripe */ = {
			isa = PBXGroup;
			children = (
				A2185CEF1FCE68270024BB3E /* StripeAPIClient.swift */,
			);
			name = Stripe;
			sourceTree = "<group>";
		};
/* End PBXGroup section */

/* Begin PBXNativeTarget section */
		0C6DC58C1F4DD9F200F9A061 /* ScoreBoard */ = {
			isa = PBXNativeTarget;
			buildConfigurationList = 0C6DC5B51F4DD9F200F9A061 /* Build configuration list for PBXNativeTarget "ScoreBoard" */;
			buildPhases = (
				5F132DB940C7ED0658DB44AE /* [CP] Check Pods Manifest.lock */,
				0C6DC5891F4DD9F200F9A061 /* Sources */,
				0C6DC58A1F4DD9F200F9A061 /* Frameworks */,
				0C6DC58B1F4DD9F200F9A061 /* Resources */,
				E01891360FCA2821FF2AD2FC /* [CP] Embed Pods Frameworks */,
				BAC172C7363D9C11300F92D8 /* [CP] Copy Pods Resources */,
			);
			buildRules = (
			);
			dependencies = (
			);
			name = ScoreBoard;
			productName = ScoreBoard;
			productReference = 0C6DC58D1F4DD9F200F9A061 /* ScoreBoard.app */;
			productType = "com.apple.product-type.application";
		};
		0C6DC5A01F4DD9F200F9A061 /* ScoreBoardTests */ = {
			isa = PBXNativeTarget;
			buildConfigurationList = 0C6DC5B81F4DD9F200F9A061 /* Build configuration list for PBXNativeTarget "ScoreBoardTests" */;
			buildPhases = (
				B4429D288F8457BCAC6B0661 /* [CP] Check Pods Manifest.lock */,
				0C6DC59D1F4DD9F200F9A061 /* Sources */,
				0C6DC59E1F4DD9F200F9A061 /* Frameworks */,
				0C6DC59F1F4DD9F200F9A061 /* Resources */,
				E4E72FB6B8087A840A08F7BB /* [CP] Embed Pods Frameworks */,
				C7691F49211687DBD7CD61B9 /* [CP] Copy Pods Resources */,
			);
			buildRules = (
			);
			dependencies = (
				0C6DC5A31F4DD9F200F9A061 /* PBXTargetDependency */,
			);
			name = ScoreBoardTests;
			productName = ScoreBoardTests;
			productReference = 0C6DC5A11F4DD9F200F9A061 /* ScoreBoardTests.xctest */;
			productType = "com.apple.product-type.bundle.unit-test";
		};
		0C6DC5AB1F4DD9F200F9A061 /* ScoreBoardUITests */ = {
			isa = PBXNativeTarget;
			buildConfigurationList = 0C6DC5BB1F4DD9F200F9A061 /* Build configuration list for PBXNativeTarget "ScoreBoardUITests" */;
			buildPhases = (
				B6E3D23E6E6B9A145B1C750A /* [CP] Check Pods Manifest.lock */,
				0C6DC5A81F4DD9F200F9A061 /* Sources */,
				0C6DC5A91F4DD9F200F9A061 /* Frameworks */,
				0C6DC5AA1F4DD9F200F9A061 /* Resources */,
				A085BC98356A62593FAF7819 /* [CP] Embed Pods Frameworks */,
				A41F2976FF7D8BD3C00F6CB1 /* [CP] Copy Pods Resources */,
			);
			buildRules = (
			);
			dependencies = (
				0C6DC5AE1F4DD9F200F9A061 /* PBXTargetDependency */,
			);
			name = ScoreBoardUITests;
			productName = ScoreBoardUITests;
			productReference = 0C6DC5AC1F4DD9F200F9A061 /* ScoreBoardUITests.xctest */;
			productType = "com.apple.product-type.bundle.ui-testing";
		};
/* End PBXNativeTarget section */

/* Begin PBXProject section */
		0C6DC5851F4DD9F200F9A061 /* Project object */ = {
			isa = PBXProject;
			attributes = {
				LastSwiftUpdateCheck = 0830;
				LastUpgradeCheck = 0900;
				ORGANIZATIONNAME = "Trey Hope";
				TargetAttributes = {
					0C6DC58C1F4DD9F200F9A061 = {
						CreatedOnToolsVersion = 8.3.3;
						DevelopmentTeam = AYXEVPG9Z5;
						LastSwiftMigration = 0900;
						ProvisioningStyle = Automatic;
						SystemCapabilities = {
							com.apple.BackgroundModes = {
								enabled = 1;
							};
							com.apple.Keychain = {
								enabled = 0;
							};
							com.apple.Push = {
								enabled = 1;
							};
						};
					};
					0C6DC5A01F4DD9F200F9A061 = {
						CreatedOnToolsVersion = 8.3.3;
						DevelopmentTeam = AYXEVPG9Z5;
						LastSwiftMigration = 0900;
						ProvisioningStyle = Automatic;
						TestTargetID = 0C6DC58C1F4DD9F200F9A061;
					};
					0C6DC5AB1F4DD9F200F9A061 = {
						CreatedOnToolsVersion = 8.3.3;
						DevelopmentTeam = AYXEVPG9Z5;
						LastSwiftMigration = 0900;
						ProvisioningStyle = Automatic;
						TestTargetID = 0C6DC58C1F4DD9F200F9A061;
					};
				};
			};
			buildConfigurationList = 0C6DC5881F4DD9F200F9A061 /* Build configuration list for PBXProject "ScoreBoard" */;
			compatibilityVersion = "Xcode 3.2";
			developmentRegion = English;
			hasScannedForEncodings = 0;
			knownRegions = (
				en,
				Base,
			);
			mainGroup = 0C6DC5841F4DD9F200F9A061;
			productRefGroup = 0C6DC58E1F4DD9F200F9A061 /* Products */;
			projectDirPath = "";
			projectRoot = "";
			targets = (
				0C6DC58C1F4DD9F200F9A061 /* ScoreBoard */,
				0C6DC5A01F4DD9F200F9A061 /* ScoreBoardTests */,
				0C6DC5AB1F4DD9F200F9A061 /* ScoreBoardUITests */,
			);
		};
/* End PBXProject section */

/* Begin PBXResourcesBuildPhase section */
		0C6DC58B1F4DD9F200F9A061 /* Resources */ = {
			isa = PBXResourcesBuildPhase;
			buildActionMask = 2147483647;
			files = (
				0C6DC59B1F4DD9F200F9A061 /* LaunchScreen.storyboard in Resources */,
				0C5A07341F7EDEF700492992 /* SearchItem.xib in Resources */,
				0C43D0561F4E33C100C285A5 /* GameTableViewCell.xib in Resources */,
				0C98D2351F5FAF2600D8BBAD /* BetCell.xib in Resources */,
				0CEA324B1F8320D10002B05C /* UserCell.xib in Resources */,
				0CADB03B1F890FD900200F7C /* GameCell.xib in Resources */,
				0C6DC5981F4DD9F200F9A061 /* Assets.xcassets in Resources */,
				0C6DC5961F4DD9F200F9A061 /* Main.storyboard in Resources */,
				0C6C20461F676C30000AB4F3 /* GoogleService-Info.plist in Resources */,
			);
			runOnlyForDeploymentPostprocessing = 0;
		};
		0C6DC59F1F4DD9F200F9A061 /* Resources */ = {
			isa = PBXResourcesBuildPhase;
			buildActionMask = 2147483647;
			files = (
			);
			runOnlyForDeploymentPostprocessing = 0;
		};
		0C6DC5AA1F4DD9F200F9A061 /* Resources */ = {
			isa = PBXResourcesBuildPhase;
			buildActionMask = 2147483647;
			files = (
			);
			runOnlyForDeploymentPostprocessing = 0;
		};
/* End PBXResourcesBuildPhase section */

/* Begin PBXShellScriptBuildPhase section */
		5F132DB940C7ED0658DB44AE /* [CP] Check Pods Manifest.lock */ = {
			isa = PBXShellScriptBuildPhase;
			buildActionMask = 2147483647;
			files = (
			);
			inputPaths = (
				"${PODS_PODFILE_DIR_PATH}/Podfile.lock",
				"${PODS_ROOT}/Manifest.lock",
			);
			name = "[CP] Check Pods Manifest.lock";
			outputPaths = (
				"$(DERIVED_FILE_DIR)/Pods-ScoreBoard-checkManifestLockResult.txt",
			);
			runOnlyForDeploymentPostprocessing = 0;
			shellPath = /bin/sh;
			shellScript = "diff \"${PODS_PODFILE_DIR_PATH}/Podfile.lock\" \"${PODS_ROOT}/Manifest.lock\" > /dev/null\nif [ $? != 0 ] ; then\n    # print error to STDERR\n    echo \"error: The sandbox is not in sync with the Podfile.lock. Run 'pod install' or update your CocoaPods installation.\" >&2\n    exit 1\nfi\n# This output is used by Xcode 'outputs' to avoid re-running this script phase.\necho \"SUCCESS\" > \"${SCRIPT_OUTPUT_FILE_0}\"\n";
			showEnvVarsInLog = 0;
		};
		A085BC98356A62593FAF7819 /* [CP] Embed Pods Frameworks */ = {
			isa = PBXShellScriptBuildPhase;
			buildActionMask = 2147483647;
			files = (
			);
			inputPaths = (
			);
			name = "[CP] Embed Pods Frameworks";
			outputPaths = (
			);
			runOnlyForDeploymentPostprocessing = 0;
			shellPath = /bin/sh;
			shellScript = "\"${SRCROOT}/Pods/Target Support Files/Pods-ScoreBoardUITests/Pods-ScoreBoardUITests-frameworks.sh\"\n";
			showEnvVarsInLog = 0;
		};
		A41F2976FF7D8BD3C00F6CB1 /* [CP] Copy Pods Resources */ = {
			isa = PBXShellScriptBuildPhase;
			buildActionMask = 2147483647;
			files = (
			);
			inputPaths = (
			);
			name = "[CP] Copy Pods Resources";
			outputPaths = (
			);
			runOnlyForDeploymentPostprocessing = 0;
			shellPath = /bin/sh;
			shellScript = "\"${SRCROOT}/Pods/Target Support Files/Pods-ScoreBoardUITests/Pods-ScoreBoardUITests-resources.sh\"\n";
			showEnvVarsInLog = 0;
		};
		B4429D288F8457BCAC6B0661 /* [CP] Check Pods Manifest.lock */ = {
			isa = PBXShellScriptBuildPhase;
			buildActionMask = 2147483647;
			files = (
			);
			inputPaths = (
				"${PODS_PODFILE_DIR_PATH}/Podfile.lock",
				"${PODS_ROOT}/Manifest.lock",
			);
			name = "[CP] Check Pods Manifest.lock";
			outputPaths = (
				"$(DERIVED_FILE_DIR)/Pods-ScoreBoardTests-checkManifestLockResult.txt",
			);
			runOnlyForDeploymentPostprocessing = 0;
			shellPath = /bin/sh;
			shellScript = "diff \"${PODS_PODFILE_DIR_PATH}/Podfile.lock\" \"${PODS_ROOT}/Manifest.lock\" > /dev/null\nif [ $? != 0 ] ; then\n    # print error to STDERR\n    echo \"error: The sandbox is not in sync with the Podfile.lock. Run 'pod install' or update your CocoaPods installation.\" >&2\n    exit 1\nfi\n# This output is used by Xcode 'outputs' to avoid re-running this script phase.\necho \"SUCCESS\" > \"${SCRIPT_OUTPUT_FILE_0}\"\n";
			showEnvVarsInLog = 0;
		};
		B6E3D23E6E6B9A145B1C750A /* [CP] Check Pods Manifest.lock */ = {
			isa = PBXShellScriptBuildPhase;
			buildActionMask = 2147483647;
			files = (
			);
			inputPaths = (
				"${PODS_PODFILE_DIR_PATH}/Podfile.lock",
				"${PODS_ROOT}/Manifest.lock",
			);
			name = "[CP] Check Pods Manifest.lock";
			outputPaths = (
				"$(DERIVED_FILE_DIR)/Pods-ScoreBoardUITests-checkManifestLockResult.txt",
			);
			runOnlyForDeploymentPostprocessing = 0;
			shellPath = /bin/sh;
			shellScript = "diff \"${PODS_PODFILE_DIR_PATH}/Podfile.lock\" \"${PODS_ROOT}/Manifest.lock\" > /dev/null\nif [ $? != 0 ] ; then\n    # print error to STDERR\n    echo \"error: The sandbox is not in sync with the Podfile.lock. Run 'pod install' or update your CocoaPods installation.\" >&2\n    exit 1\nfi\n# This output is used by Xcode 'outputs' to avoid re-running this script phase.\necho \"SUCCESS\" > \"${SCRIPT_OUTPUT_FILE_0}\"\n";
			showEnvVarsInLog = 0;
		};
		BAC172C7363D9C11300F92D8 /* [CP] Copy Pods Resources */ = {
			isa = PBXShellScriptBuildPhase;
			buildActionMask = 2147483647;
			files = (
			);
			inputPaths = (
				"${SRCROOT}/Pods/Target Support Files/Pods-ScoreBoard/Pods-ScoreBoard-resources.sh",
				"${PODS_ROOT}/GoogleMaps/Maps/Frameworks/GoogleMaps.framework/Resources/GoogleMaps.bundle",
			);
			name = "[CP] Copy Pods Resources";
			outputPaths = (
				"${TARGET_BUILD_DIR}/${UNLOCALIZED_RESOURCES_FOLDER_PATH}",
			);
			runOnlyForDeploymentPostprocessing = 0;
			shellPath = /bin/sh;
			shellScript = "\"${SRCROOT}/Pods/Target Support Files/Pods-ScoreBoard/Pods-ScoreBoard-resources.sh\"\n";
			showEnvVarsInLog = 0;
		};
		C7691F49211687DBD7CD61B9 /* [CP] Copy Pods Resources */ = {
			isa = PBXShellScriptBuildPhase;
			buildActionMask = 2147483647;
			files = (
			);
			inputPaths = (
			);
			name = "[CP] Copy Pods Resources";
			outputPaths = (
			);
			runOnlyForDeploymentPostprocessing = 0;
			shellPath = /bin/sh;
			shellScript = "\"${SRCROOT}/Pods/Target Support Files/Pods-ScoreBoardTests/Pods-ScoreBoardTests-resources.sh\"\n";
			showEnvVarsInLog = 0;
		};
		E01891360FCA2821FF2AD2FC /* [CP] Embed Pods Frameworks */ = {
			isa = PBXShellScriptBuildPhase;
			buildActionMask = 2147483647;
			files = (
			);
			inputPaths = (
				"${SRCROOT}/Pods/Target Support Files/Pods-ScoreBoard/Pods-ScoreBoard-frameworks.sh",
				"${BUILT_PRODUCTS_DIR}/AKImageCropperView/AKImageCropperView.framework",
				"${BUILT_PRODUCTS_DIR}/Alamofire/Alamofire.framework",
				"${BUILT_PRODUCTS_DIR}/Bolts/Bolts.framework",
				"${BUILT_PRODUCTS_DIR}/BoringSSL/openssl.framework",
				"${BUILT_PRODUCTS_DIR}/EasyAnimation/EasyAnimation.framework",
				"${BUILT_PRODUCTS_DIR}/FBSDKCoreKit/FBSDKCoreKit.framework",
				"${BUILT_PRODUCTS_DIR}/FBSDKLoginKit/FBSDKLoginKit.framework",
				"${BUILT_PRODUCTS_DIR}/FacebookCore/FacebookCore.framework",
				"${BUILT_PRODUCTS_DIR}/FacebookLogin/FacebookLogin.framework",
				"${BUILT_PRODUCTS_DIR}/FontAwesome.swift/FontAwesome_swift.framework",
				"${BUILT_PRODUCTS_DIR}/GTMSessionFetcher/GTMSessionFetcher.framework",
				"${BUILT_PRODUCTS_DIR}/GoogleToolboxForMac/GoogleToolboxForMac.framework",
				"${BUILT_PRODUCTS_DIR}/JSQMessagesViewController/JSQMessagesViewController.framework",
				"${BUILT_PRODUCTS_DIR}/JSQSystemSoundPlayer/JSQSystemSoundPlayer.framework",
				"${BUILT_PRODUCTS_DIR}/JTAppleCalendar/JTAppleCalendar.framework",
				"${BUILT_PRODUCTS_DIR}/Kingfisher/Kingfisher.framework",
				"${BUILT_PRODUCTS_DIR}/Material/Material.framework",
				"${BUILT_PRODUCTS_DIR}/PromiseKit/PromiseKit.framework",
				"${BUILT_PRODUCTS_DIR}/Protobuf/Protobuf.framework",
				"${BUILT_PRODUCTS_DIR}/Stripe/Stripe.framework",
				"${BUILT_PRODUCTS_DIR}/Toaster/Toaster.framework",
				"${BUILT_PRODUCTS_DIR}/gRPC/GRPCClient.framework",
				"${BUILT_PRODUCTS_DIR}/gRPC-Core/grpc.framework",
				"${BUILT_PRODUCTS_DIR}/gRPC-ProtoRPC/ProtoRPC.framework",
				"${BUILT_PRODUCTS_DIR}/gRPC-RxLibrary/RxLibrary.framework",
				"${BUILT_PRODUCTS_DIR}/leveldb-library/leveldb.framework",
				"${BUILT_PRODUCTS_DIR}/nanopb/nanopb.framework",
			);
			name = "[CP] Embed Pods Frameworks";
			outputPaths = (
				"${TARGET_BUILD_DIR}/${FRAMEWORKS_FOLDER_PATH}/AKImageCropperView.framework",
				"${TARGET_BUILD_DIR}/${FRAMEWORKS_FOLDER_PATH}/Alamofire.framework",
				"${TARGET_BUILD_DIR}/${FRAMEWORKS_FOLDER_PATH}/Bolts.framework",
				"${TARGET_BUILD_DIR}/${FRAMEWORKS_FOLDER_PATH}/openssl.framework",
				"${TARGET_BUILD_DIR}/${FRAMEWORKS_FOLDER_PATH}/EasyAnimation.framework",
				"${TARGET_BUILD_DIR}/${FRAMEWORKS_FOLDER_PATH}/FBSDKCoreKit.framework",
				"${TARGET_BUILD_DIR}/${FRAMEWORKS_FOLDER_PATH}/FBSDKLoginKit.framework",
				"${TARGET_BUILD_DIR}/${FRAMEWORKS_FOLDER_PATH}/FacebookCore.framework",
				"${TARGET_BUILD_DIR}/${FRAMEWORKS_FOLDER_PATH}/FacebookLogin.framework",
				"${TARGET_BUILD_DIR}/${FRAMEWORKS_FOLDER_PATH}/FontAwesome_swift.framework",
				"${TARGET_BUILD_DIR}/${FRAMEWORKS_FOLDER_PATH}/GTMSessionFetcher.framework",
				"${TARGET_BUILD_DIR}/${FRAMEWORKS_FOLDER_PATH}/GoogleToolboxForMac.framework",
				"${TARGET_BUILD_DIR}/${FRAMEWORKS_FOLDER_PATH}/JSQMessagesViewController.framework",
				"${TARGET_BUILD_DIR}/${FRAMEWORKS_FOLDER_PATH}/JSQSystemSoundPlayer.framework",
				"${TARGET_BUILD_DIR}/${FRAMEWORKS_FOLDER_PATH}/JTAppleCalendar.framework",
				"${TARGET_BUILD_DIR}/${FRAMEWORKS_FOLDER_PATH}/Kingfisher.framework",
				"${TARGET_BUILD_DIR}/${FRAMEWORKS_FOLDER_PATH}/Material.framework",
				"${TARGET_BUILD_DIR}/${FRAMEWORKS_FOLDER_PATH}/PromiseKit.framework",
				"${TARGET_BUILD_DIR}/${FRAMEWORKS_FOLDER_PATH}/Protobuf.framework",
				"${TARGET_BUILD_DIR}/${FRAMEWORKS_FOLDER_PATH}/Stripe.framework",
				"${TARGET_BUILD_DIR}/${FRAMEWORKS_FOLDER_PATH}/Toaster.framework",
				"${TARGET_BUILD_DIR}/${FRAMEWORKS_FOLDER_PATH}/GRPCClient.framework",
				"${TARGET_BUILD_DIR}/${FRAMEWORKS_FOLDER_PATH}/grpc.framework",
				"${TARGET_BUILD_DIR}/${FRAMEWORKS_FOLDER_PATH}/ProtoRPC.framework",
				"${TARGET_BUILD_DIR}/${FRAMEWORKS_FOLDER_PATH}/RxLibrary.framework",
				"${TARGET_BUILD_DIR}/${FRAMEWORKS_FOLDER_PATH}/leveldb.framework",
				"${TARGET_BUILD_DIR}/${FRAMEWORKS_FOLDER_PATH}/nanopb.framework",
			);
			runOnlyForDeploymentPostprocessing = 0;
			shellPath = /bin/sh;
			shellScript = "\"${SRCROOT}/Pods/Target Support Files/Pods-ScoreBoard/Pods-ScoreBoard-frameworks.sh\"\n";
			showEnvVarsInLog = 0;
		};
		E4E72FB6B8087A840A08F7BB /* [CP] Embed Pods Frameworks */ = {
			isa = PBXShellScriptBuildPhase;
			buildActionMask = 2147483647;
			files = (
			);
			inputPaths = (
			);
			name = "[CP] Embed Pods Frameworks";
			outputPaths = (
			);
			runOnlyForDeploymentPostprocessing = 0;
			shellPath = /bin/sh;
			shellScript = "\"${SRCROOT}/Pods/Target Support Files/Pods-ScoreBoardTests/Pods-ScoreBoardTests-frameworks.sh\"\n";
			showEnvVarsInLog = 0;
		};
/* End PBXShellScriptBuildPhase section */

/* Begin PBXSourcesBuildPhase section */
		0C6DC5891F4DD9F200F9A061 /* Sources */ = {
			isa = PBXSourcesBuildPhase;
			buildActionMask = 2147483647;
			files = (
				0C9F18AC1F81C6E9009543A6 /* SupportViewController.swift in Sources */,
				0C72DE451F4F7ABF00361234 /* FullGameViewController.swift in Sources */,
				0C628CA01F81BF4F0044C469 /* ChangeEmailViewController.swift in Sources */,
				0CA5BF301F5F1B13009D0236 /* Constants.swift in Sources */,
				0CF611681F62EA7600A46EB0 /* GMColor.swift in Sources */,
				0C3D90791F852E33009169FB /* TakeGameViewController.swift in Sources */,
				0C1C4A841F8FC95F00060BA4 /* EvaluateGameViewController.swift in Sources */,
				0CD96A061F65A1A400B183C8 /* JSONSerializer.swift in Sources */,
				0C43D0551F4E33C100C285A5 /* GameTableViewCell.swift in Sources */,
				0C628CA21F81C33F0044C469 /* ChangePasswordViewController.swift in Sources */,
				0CD96A011F65020300B183C8 /* CustomImageCropperOverlayView.swift in Sources */,
				0CC563791F4DFEC70088057C /* SignupViewController.swift in Sources */,
				0C5F3A381F4E0EBB00516CFB /* ConversionService.swift in Sources */,
				0CCF23B31F87C80A008E0854 /* AdminTableViewController.swift in Sources */,
				0CD96A041F65A11500B183C8 /* NotificationService.swift in Sources */,
				0CAB26DA1F770D6D00B8EBC1 /* MessagesViewController.swift in Sources */,
				0C65A3821F7DE26B001C2959 /* EditProfileViewController.swift in Sources */,
				0C98D2341F5FAF2600D8BBAD /* BetCell.swift in Sources */,
				0C5A07331F7EDEF700492992 /* SearchItem.swift in Sources */,
				0C5F3A3D1F4E11C200516CFB /* SessionManager.swift in Sources */,
				0CADB03A1F890FD900200F7C /* GameCell.swift in Sources */,
				0C58471A1F9664BA00ADB902 /* SearchBarContainerView.swift in Sources */,
				0CF611661F62EA5A00A46EB0 /* GMPalette.swift in Sources */,
				0C3ABE8C1F4F28D800AE5CF9 /* SearchViewController.swift in Sources */,
				0C98D22F1F5FA86C00D8BBAD /* Bet.swift in Sources */,
				0CEA324A1F8320D10002B05C /* UserCell.swift in Sources */,
				0CA5BF331F5F1BB7009D0236 /* NBATeam.swift in Sources */,
				0C71C82D1F4F58790028D814 /* ConnectionManager.swift in Sources */,
				0C6DC5931F4DD9F200F9A061 /* LoginViewController.swift in Sources */,
				0C03B4441F4EAE090020FB2A /* HomeViewController.swift in Sources */,
				0C03B4401F4E76F40020FB2A /* ValidityService.swift in Sources */,
				0CFC24641F4DEB7F003F97B5 /* Game.swift in Sources */,
				0C03B4421F4E809C0020FB2A /* User.swift in Sources */,
				0C75B6411F8455D8000DDD66 /* MyFSRef.swift in Sources */,
				0C0D60BD1F7EA412001338F5 /* State.swift in Sources */,
				0C6DC5911F4DD9F200F9A061 /* AppDelegate.swift in Sources */,
				0CD969FD1F6501EB00B183C8 /* CropperViewController.swift in Sources */,
				0CB0D2C41F9E6A930012A2CE /* SearchUserViewController.swift in Sources */,
				A2185CF01FCE68270024BB3E /* StripeAPIClient.swift in Sources */,
				0CC563731F4DFD480088057C /* GamesViewController.swift in Sources */,
				0CC563751F4DFD9A0088057C /* ModalService.swift in Sources */,
				0C5F3A451F4E163200516CFB /* SettingsTableViewController.swift in Sources */,
				0CC563711F4DF9070088057C /* HomeTabBarController.swift in Sources */,
				0C0D60BB1F7EA355001338F5 /* UIPickerViewOptions.swift in Sources */,
				0C5F3A421F4E15D900516CFB /* ProfileViewController.swift in Sources */,
				0C5F3A3A1F4E0EFD00516CFB /* Extensions.swift in Sources */,
				0CC563771F4DFE430088057C /* FirebaseObject.swift in Sources */,
				0C9F18AA1F81C6C7009543A6 /* AboutViewController.swift in Sources */,
				0CD969FF1F6501F700B183C8 /* ImageViewController.swift in Sources */,
				0CC5843E1F844BE8009E72DB /* AddGameViewController.swift in Sources */,
				0C41E2051F97FA9600199860 /* UpdateGameViewController.swift in Sources */,
			);
			runOnlyForDeploymentPostprocessing = 0;
		};
		0C6DC59D1F4DD9F200F9A061 /* Sources */ = {
			isa = PBXSourcesBuildPhase;
			buildActionMask = 2147483647;
			files = (
				0C6DC5A61F4DD9F200F9A061 /* ScoreBoardTests.swift in Sources */,
			);
			runOnlyForDeploymentPostprocessing = 0;
		};
		0C6DC5A81F4DD9F200F9A061 /* Sources */ = {
			isa = PBXSourcesBuildPhase;
			buildActionMask = 2147483647;
			files = (
				0C6DC5B11F4DD9F200F9A061 /* ScoreBoardUITests.swift in Sources */,
			);
			runOnlyForDeploymentPostprocessing = 0;
		};
/* End PBXSourcesBuildPhase section */

/* Begin PBXTargetDependency section */
		0C6DC5A31F4DD9F200F9A061 /* PBXTargetDependency */ = {
			isa = PBXTargetDependency;
			target = 0C6DC58C1F4DD9F200F9A061 /* ScoreBoard */;
			targetProxy = 0C6DC5A21F4DD9F200F9A061 /* PBXContainerItemProxy */;
		};
		0C6DC5AE1F4DD9F200F9A061 /* PBXTargetDependency */ = {
			isa = PBXTargetDependency;
			target = 0C6DC58C1F4DD9F200F9A061 /* ScoreBoard */;
			targetProxy = 0C6DC5AD1F4DD9F200F9A061 /* PBXContainerItemProxy */;
		};
/* End PBXTargetDependency section */

/* Begin PBXVariantGroup section */
		0C6DC5941F4DD9F200F9A061 /* Main.storyboard */ = {
			isa = PBXVariantGroup;
			children = (
				0C6DC5951F4DD9F200F9A061 /* Base */,
			);
			name = Main.storyboard;
			sourceTree = "<group>";
		};
		0C6DC5991F4DD9F200F9A061 /* LaunchScreen.storyboard */ = {
			isa = PBXVariantGroup;
			children = (
				0C6DC59A1F4DD9F200F9A061 /* Base */,
			);
			name = LaunchScreen.storyboard;
			sourceTree = "<group>";
		};
/* End PBXVariantGroup section */

/* Begin XCBuildConfiguration section */
		0C6DC5B31F4DD9F200F9A061 /* Debug */ = {
			isa = XCBuildConfiguration;
			buildSettings = {
				ALWAYS_SEARCH_USER_PATHS = NO;
				CLANG_ANALYZER_NONNULL = YES;
				CLANG_ANALYZER_NUMBER_OBJECT_CONVERSION = YES_AGGRESSIVE;
				CLANG_CXX_LANGUAGE_STANDARD = "gnu++0x";
				CLANG_CXX_LIBRARY = "libc++";
				CLANG_ENABLE_MODULES = YES;
				CLANG_ENABLE_OBJC_ARC = YES;
				CLANG_WARN_BLOCK_CAPTURE_AUTORELEASING = YES;
				CLANG_WARN_BOOL_CONVERSION = YES;
				CLANG_WARN_COMMA = YES;
				CLANG_WARN_CONSTANT_CONVERSION = YES;
				CLANG_WARN_DIRECT_OBJC_ISA_USAGE = YES_ERROR;
				CLANG_WARN_DOCUMENTATION_COMMENTS = YES;
				CLANG_WARN_EMPTY_BODY = YES;
				CLANG_WARN_ENUM_CONVERSION = YES;
				CLANG_WARN_INFINITE_RECURSION = YES;
				CLANG_WARN_INT_CONVERSION = YES;
				CLANG_WARN_NON_LITERAL_NULL_CONVERSION = YES;
				CLANG_WARN_OBJC_LITERAL_CONVERSION = YES;
				CLANG_WARN_OBJC_ROOT_CLASS = YES_ERROR;
				CLANG_WARN_RANGE_LOOP_ANALYSIS = YES;
				CLANG_WARN_STRICT_PROTOTYPES = YES;
				CLANG_WARN_SUSPICIOUS_MOVE = YES;
				CLANG_WARN_UNREACHABLE_CODE = YES;
				CLANG_WARN__DUPLICATE_METHOD_MATCH = YES;
				"CODE_SIGN_IDENTITY[sdk=iphoneos*]" = "iPhone Developer";
				COPY_PHASE_STRIP = NO;
				DEBUG_INFORMATION_FORMAT = dwarf;
				ENABLE_STRICT_OBJC_MSGSEND = YES;
				ENABLE_TESTABILITY = YES;
				GCC_C_LANGUAGE_STANDARD = gnu99;
				GCC_DYNAMIC_NO_PIC = NO;
				GCC_NO_COMMON_BLOCKS = YES;
				GCC_OPTIMIZATION_LEVEL = 0;
				GCC_PREPROCESSOR_DEFINITIONS = (
					"DEBUG=1",
					"$(inherited)",
				);
				GCC_WARN_64_TO_32_BIT_CONVERSION = YES;
				GCC_WARN_ABOUT_RETURN_TYPE = YES_ERROR;
				GCC_WARN_UNDECLARED_SELECTOR = YES;
				GCC_WARN_UNINITIALIZED_AUTOS = YES_AGGRESSIVE;
				GCC_WARN_UNUSED_FUNCTION = YES;
				GCC_WARN_UNUSED_VARIABLE = YES;
				IPHONEOS_DEPLOYMENT_TARGET = 11.0;
				MTL_ENABLE_DEBUG_INFO = YES;
				ONLY_ACTIVE_ARCH = YES;
				SDKROOT = iphoneos;
				SWIFT_ACTIVE_COMPILATION_CONDITIONS = DEBUG;
				SWIFT_OPTIMIZATION_LEVEL = "-Onone";
				TARGETED_DEVICE_FAMILY = "1,2";
			};
			name = Debug;
		};
		0C6DC5B41F4DD9F200F9A061 /* Release */ = {
			isa = XCBuildConfiguration;
			buildSettings = {
				ALWAYS_SEARCH_USER_PATHS = NO;
				CLANG_ANALYZER_NONNULL = YES;
				CLANG_ANALYZER_NUMBER_OBJECT_CONVERSION = YES_AGGRESSIVE;
				CLANG_CXX_LANGUAGE_STANDARD = "gnu++0x";
				CLANG_CXX_LIBRARY = "libc++";
				CLANG_ENABLE_MODULES = YES;
				CLANG_ENABLE_OBJC_ARC = YES;
				CLANG_WARN_BLOCK_CAPTURE_AUTORELEASING = YES;
				CLANG_WARN_BOOL_CONVERSION = YES;
				CLANG_WARN_COMMA = YES;
				CLANG_WARN_CONSTANT_CONVERSION = YES;
				CLANG_WARN_DIRECT_OBJC_ISA_USAGE = YES_ERROR;
				CLANG_WARN_DOCUMENTATION_COMMENTS = YES;
				CLANG_WARN_EMPTY_BODY = YES;
				CLANG_WARN_ENUM_CONVERSION = YES;
				CLANG_WARN_INFINITE_RECURSION = YES;
				CLANG_WARN_INT_CONVERSION = YES;
				CLANG_WARN_NON_LITERAL_NULL_CONVERSION = YES;
				CLANG_WARN_OBJC_LITERAL_CONVERSION = YES;
				CLANG_WARN_OBJC_ROOT_CLASS = YES_ERROR;
				CLANG_WARN_RANGE_LOOP_ANALYSIS = YES;
				CLANG_WARN_STRICT_PROTOTYPES = YES;
				CLANG_WARN_SUSPICIOUS_MOVE = YES;
				CLANG_WARN_UNREACHABLE_CODE = YES;
				CLANG_WARN__DUPLICATE_METHOD_MATCH = YES;
				"CODE_SIGN_IDENTITY[sdk=iphoneos*]" = "iPhone Developer";
				COPY_PHASE_STRIP = NO;
				DEBUG_INFORMATION_FORMAT = "dwarf-with-dsym";
				ENABLE_NS_ASSERTIONS = NO;
				ENABLE_STRICT_OBJC_MSGSEND = YES;
				GCC_C_LANGUAGE_STANDARD = gnu99;
				GCC_NO_COMMON_BLOCKS = YES;
				GCC_WARN_64_TO_32_BIT_CONVERSION = YES;
				GCC_WARN_ABOUT_RETURN_TYPE = YES_ERROR;
				GCC_WARN_UNDECLARED_SELECTOR = YES;
				GCC_WARN_UNINITIALIZED_AUTOS = YES_AGGRESSIVE;
				GCC_WARN_UNUSED_FUNCTION = YES;
				GCC_WARN_UNUSED_VARIABLE = YES;
				IPHONEOS_DEPLOYMENT_TARGET = 11.0;
				MTL_ENABLE_DEBUG_INFO = NO;
				SDKROOT = iphoneos;
				SWIFT_OPTIMIZATION_LEVEL = "-Owholemodule";
				TARGETED_DEVICE_FAMILY = "1,2";
				VALIDATE_PRODUCT = YES;
			};
			name = Release;
		};
		0C6DC5B61F4DD9F200F9A061 /* Debug */ = {
			isa = XCBuildConfiguration;
			baseConfigurationReference = 55F2C2552E75C8893EEED9E7 /* Pods-ScoreBoard.debug.xcconfig */;
			buildSettings = {
				ASSETCATALOG_COMPILER_APPICON_NAME = AppIcon;
				CODE_SIGN_ENTITLEMENTS = ScoreBoard/ScoreBoard.entitlements;
				DEVELOPMENT_TEAM = AYXEVPG9Z5;
				INFOPLIST_FILE = ScoreBoard/Info.plist;
				IPHONEOS_DEPLOYMENT_TARGET = 10.0;
				LD_RUNPATH_SEARCH_PATHS = "$(inherited) @executable_path/Frameworks";
				PRODUCT_BUNDLE_IDENTIFIER = CPP.ScoreBoard;
				PRODUCT_NAME = "$(TARGET_NAME)";
				SWIFT_SWIFT3_OBJC_INFERENCE = On;
				SWIFT_VERSION = 4.0;
				TARGETED_DEVICE_FAMILY = "1,2";
			};
			name = Debug;
		};
		0C6DC5B71F4DD9F200F9A061 /* Release */ = {
			isa = XCBuildConfiguration;
			baseConfigurationReference = 376385FDE419189F52676B9F /* Pods-ScoreBoard.release.xcconfig */;
			buildSettings = {
				ASSETCATALOG_COMPILER_APPICON_NAME = AppIcon;
				CODE_SIGN_ENTITLEMENTS = ScoreBoard/ScoreBoard.entitlements;
				DEVELOPMENT_TEAM = AYXEVPG9Z5;
				INFOPLIST_FILE = ScoreBoard/Info.plist;
				IPHONEOS_DEPLOYMENT_TARGET = 10.0;
				LD_RUNPATH_SEARCH_PATHS = "$(inherited) @executable_path/Frameworks";
				PRODUCT_BUNDLE_IDENTIFIER = CPP.ScoreBoard;
				PRODUCT_NAME = "$(TARGET_NAME)";
				SWIFT_SWIFT3_OBJC_INFERENCE = On;
				SWIFT_VERSION = 4.0;
				TARGETED_DEVICE_FAMILY = "1,2";
			};
			name = Release;
		};
		0C6DC5B91F4DD9F200F9A061 /* Debug */ = {
			isa = XCBuildConfiguration;
			baseConfigurationReference = 89959AB906071806CD41F907 /* Pods-ScoreBoardTests.debug.xcconfig */;
			buildSettings = {
				ALWAYS_EMBED_SWIFT_STANDARD_LIBRARIES = YES;
				BUNDLE_LOADER = "$(TEST_HOST)";
				DEVELOPMENT_TEAM = AYXEVPG9Z5;
				INFOPLIST_FILE = ScoreBoardTests/Info.plist;
				LD_RUNPATH_SEARCH_PATHS = "$(inherited) @executable_path/Frameworks @loader_path/Frameworks";
				PRODUCT_BUNDLE_IDENTIFIER = CPP.ScoreBoardTests;
				PRODUCT_NAME = "$(TARGET_NAME)";
				SWIFT_SWIFT3_OBJC_INFERENCE = On;
				SWIFT_VERSION = 4.0;
				TEST_HOST = "$(BUILT_PRODUCTS_DIR)/ScoreBoard.app/ScoreBoard";
			};
			name = Debug;
		};
		0C6DC5BA1F4DD9F200F9A061 /* Release */ = {
			isa = XCBuildConfiguration;
			baseConfigurationReference = 2900CB9004E4C7538BC04D6F /* Pods-ScoreBoardTests.release.xcconfig */;
			buildSettings = {
				ALWAYS_EMBED_SWIFT_STANDARD_LIBRARIES = YES;
				BUNDLE_LOADER = "$(TEST_HOST)";
				DEVELOPMENT_TEAM = AYXEVPG9Z5;
				INFOPLIST_FILE = ScoreBoardTests/Info.plist;
				LD_RUNPATH_SEARCH_PATHS = "$(inherited) @executable_path/Frameworks @loader_path/Frameworks";
				PRODUCT_BUNDLE_IDENTIFIER = CPP.ScoreBoardTests;
				PRODUCT_NAME = "$(TARGET_NAME)";
				SWIFT_SWIFT3_OBJC_INFERENCE = On;
				SWIFT_VERSION = 4.0;
				TEST_HOST = "$(BUILT_PRODUCTS_DIR)/ScoreBoard.app/ScoreBoard";
			};
			name = Release;
		};
		0C6DC5BC1F4DD9F200F9A061 /* Debug */ = {
			isa = XCBuildConfiguration;
			baseConfigurationReference = 408B7221B04466F0AE6E428D /* Pods-ScoreBoardUITests.debug.xcconfig */;
			buildSettings = {
				ALWAYS_EMBED_SWIFT_STANDARD_LIBRARIES = YES;
				DEVELOPMENT_TEAM = AYXEVPG9Z5;
				INFOPLIST_FILE = ScoreBoardUITests/Info.plist;
				LD_RUNPATH_SEARCH_PATHS = "$(inherited) @executable_path/Frameworks @loader_path/Frameworks";
				PRODUCT_BUNDLE_IDENTIFIER = CPP.ScoreBoardUITests;
				PRODUCT_NAME = "$(TARGET_NAME)";
				SWIFT_SWIFT3_OBJC_INFERENCE = On;
				SWIFT_VERSION = 4.0;
				TEST_TARGET_NAME = ScoreBoard;
			};
			name = Debug;
		};
		0C6DC5BD1F4DD9F200F9A061 /* Release */ = {
			isa = XCBuildConfiguration;
			baseConfigurationReference = CC3D9AD44F81710204E0503B /* Pods-ScoreBoardUITests.release.xcconfig */;
			buildSettings = {
				ALWAYS_EMBED_SWIFT_STANDARD_LIBRARIES = YES;
				DEVELOPMENT_TEAM = AYXEVPG9Z5;
				INFOPLIST_FILE = ScoreBoardUITests/Info.plist;
				LD_RUNPATH_SEARCH_PATHS = "$(inherited) @executable_path/Frameworks @loader_path/Frameworks";
				PRODUCT_BUNDLE_IDENTIFIER = CPP.ScoreBoardUITests;
				PRODUCT_NAME = "$(TARGET_NAME)";
				SWIFT_SWIFT3_OBJC_INFERENCE = On;
				SWIFT_VERSION = 4.0;
				TEST_TARGET_NAME = ScoreBoard;
			};
			name = Release;
		};
/* End XCBuildConfiguration section */

/* Begin XCConfigurationList section */
		0C6DC5881F4DD9F200F9A061 /* Build configuration list for PBXProject "ScoreBoard" */ = {
			isa = XCConfigurationList;
			buildConfigurations = (
				0C6DC5B31F4DD9F200F9A061 /* Debug */,
				0C6DC5B41F4DD9F200F9A061 /* Release */,
			);
			defaultConfigurationIsVisible = 0;
			defaultConfigurationName = Release;
		};
		0C6DC5B51F4DD9F200F9A061 /* Build configuration list for PBXNativeTarget "ScoreBoard" */ = {
			isa = XCConfigurationList;
			buildConfigurations = (
				0C6DC5B61F4DD9F200F9A061 /* Debug */,
				0C6DC5B71F4DD9F200F9A061 /* Release */,
			);
			defaultConfigurationIsVisible = 0;
			defaultConfigurationName = Release;
		};
		0C6DC5B81F4DD9F200F9A061 /* Build configuration list for PBXNativeTarget "ScoreBoardTests" */ = {
			isa = XCConfigurationList;
			buildConfigurations = (
				0C6DC5B91F4DD9F200F9A061 /* Debug */,
				0C6DC5BA1F4DD9F200F9A061 /* Release */,
			);
			defaultConfigurationIsVisible = 0;
			defaultConfigurationName = Release;
		};
		0C6DC5BB1F4DD9F200F9A061 /* Build configuration list for PBXNativeTarget "ScoreBoardUITests" */ = {
			isa = XCConfigurationList;
			buildConfigurations = (
				0C6DC5BC1F4DD9F200F9A061 /* Debug */,
				0C6DC5BD1F4DD9F200F9A061 /* Release */,
			);
			defaultConfigurationIsVisible = 0;
			defaultConfigurationName = Release;
		};
/* End XCConfigurationList section */
	};
	rootObject = 0C6DC5851F4DD9F200F9A061 /* Project object */;
}
